// !$*UTF8*$!
{
	archiveVersion = 1;
	classes = {
	};
	objectVersion = 55;
	objects = {

/* Begin PBXBuildFile section */
		E5D054E52774F81E00F403B5 /* fitness11IOSApp.swift in Sources */ = {isa = PBXBuildFile; fileRef = E5D054E42774F81E00F403B5 /* fitness11IOSApp.swift */; };
		E5D054E72774F81E00F403B5 /* ContentView.swift in Sources */ = {isa = PBXBuildFile; fileRef = E5D054E62774F81E00F403B5 /* ContentView.swift */; };
		E5D054E92774F81E00F403B5 /* Assets.xcassets in Resources */ = {isa = PBXBuildFile; fileRef = E5D054E82774F81E00F403B5 /* Assets.xcassets */; };
		E5D054EC2774F81E00F403B5 /* Preview Assets.xcassets in Resources */ = {isa = PBXBuildFile; fileRef = E5D054EB2774F81E00F403B5 /* Preview Assets.xcassets */; };
		E5D054F52774FE3500F403B5 /* SignInPage.swift in Sources */ = {isa = PBXBuildFile; fileRef = E5D054F42774FE3500F403B5 /* SignInPage.swift */; };
		E5D054F72774FE5A00F403B5 /* ForgotPassword.swift in Sources */ = {isa = PBXBuildFile; fileRef = E5D054F62774FE5A00F403B5 /* ForgotPassword.swift */; };
		E5D054F92774FE8C00F403B5 /* SignUpPage.swift in Sources */ = {isa = PBXBuildFile; fileRef = E5D054F82774FE8C00F403B5 /* SignUpPage.swift */; };
		E5D054FB2774FEB900F403B5 /* ListofExercise.swift in Sources */ = {isa = PBXBuildFile; fileRef = E5D054FA2774FEB900F403B5 /* ListofExercise.swift */; };
		E5D054FD2774FEDE00F403B5 /* HomePage.swift in Sources */ = {isa = PBXBuildFile; fileRef = E5D054FC2774FEDE00F403B5 /* HomePage.swift */; };
/* End PBXBuildFile section */

/* Begin PBXFileReference section */
		E5D054E12774F81E00F403B5 /* fitness11IOS.app */ = {isa = PBXFileReference; explicitFileType = wrapper.application; includeInIndex = 0; path = fitness11IOS.app; sourceTree = BUILT_PRODUCTS_DIR; };
		E5D054E42774F81E00F403B5 /* fitness11IOSApp.swift */ = {isa = PBXFileReference; lastKnownFileType = sourcecode.swift; path = fitness11IOSApp.swift; sourceTree = "<group>"; };
		E5D054E62774F81E00F403B5 /* ContentView.swift */ = {isa = PBXFileReference; lastKnownFileType = sourcecode.swift; path = ContentView.swift; sourceTree = "<group>"; };
		E5D054E82774F81E00F403B5 /* Assets.xcassets */ = {isa = PBXFileReference; lastKnownFileType = folder.assetcatalog; path = Assets.xcassets; sourceTree = "<group>"; };
		E5D054EB2774F81E00F403B5 /* Preview Assets.xcassets */ = {isa = PBXFileReference; lastKnownFileType = folder.assetcatalog; path = "Preview Assets.xcassets"; sourceTree = "<group>"; };
		E5D054F42774FE3500F403B5 /* SignInPage.swift */ = {isa = PBXFileReference; lastKnownFileType = sourcecode.swift; path = SignInPage.swift; sourceTree = "<group>"; };
		E5D054F62774FE5A00F403B5 /* ForgotPassword.swift */ = {isa = PBXFileReference; lastKnownFileType = sourcecode.swift; path = ForgotPassword.swift; sourceTree = "<group>"; };
		E5D054F82774FE8C00F403B5 /* SignUpPage.swift */ = {isa = PBXFileReference; lastKnownFileType = sourcecode.swift; path = SignUpPage.swift; sourceTree = "<group>"; };
		E5D054FA2774FEB900F403B5 /* ListofExercise.swift */ = {isa = PBXFileReference; lastKnownFileType = sourcecode.swift; path = ListofExercise.swift; sourceTree = "<group>"; };
		E5D054FC2774FEDE00F403B5 /* HomePage.swift */ = {isa = PBXFileReference; lastKnownFileType = sourcecode.swift; path = HomePage.swift; sourceTree = "<group>"; };
/* End PBXFileReference section */

/* Begin PBXFrameworksBuildPhase section */
		E5D054DE2774F81E00F403B5 /* Frameworks */ = {
			isa = PBXFrameworksBuildPhase;
			buildActionMask = 2147483647;
			files = (
			);
			runOnlyForDeploymentPostprocessing = 0;
		};
/* End PBXFrameworksBuildPhase section */

/* Begin PBXGroup section */
		E5D054D82774F81E00F403B5 = {
			isa = PBXGroup;
			children = (
				E5D054E32774F81E00F403B5 /* fitness11IOS */,
				E5D054E22774F81E00F403B5 /* Products */,
			);
			sourceTree = "<group>";
		};
		E5D054E22774F81E00F403B5 /* Products */ = {
			isa = PBXGroup;
			children = (
				E5D054E12774F81E00F403B5 /* fitness11IOS.app */,
			);
			name = Products;
			sourceTree = "<group>";
		};
		E5D054E32774F81E00F403B5 /* fitness11IOS */ = {
			isa = PBXGroup;
			children = (
				E5D054E42774F81E00F403B5 /* fitness11IOSApp.swift */,
				E5D054E62774F81E00F403B5 /* ContentView.swift */,
				E5D054E82774F81E00F403B5 /* Assets.xcassets */,
				E5D054EA2774F81E00F403B5 /* Preview Content */,
				E5D054F42774FE3500F403B5 /* SignInPage.swift */,
				E5D054F62774FE5A00F403B5 /* ForgotPassword.swift */,
				E5D054F82774FE8C00F403B5 /* SignUpPage.swift */,
				E5D054FA2774FEB900F403B5 /* ListofExercise.swift */,
				E5D054FC2774FEDE00F403B5 /* HomePage.swift */,
			);
			path = fitness11IOS;
			sourceTree = "<group>";
		};
		E5D054EA2774F81E00F403B5 /* Preview Content */ = {
			isa = PBXGroup;
			children = (
				E5D054EB2774F81E00F403B5 /* Preview Assets.xcassets */,
			);
			path = "Preview Content";
			sourceTree = "<group>";
		};
/* End PBXGroup section */

/* Begin PBXNativeTarget section */
		E5D054E02774F81E00F403B5 /* fitness11IOS */ = {
			isa = PBXNativeTarget;
			buildConfigurationList = E5D054EF2774F81E00F403B5 /* Build configuration list for PBXNativeTarget "fitness11IOS" */;
			buildPhases = (
				E5D054DD2774F81E00F403B5 /* Sources */,
				E5D054DE2774F81E00F403B5 /* Frameworks */,
				E5D054DF2774F81E00F403B5 /* Resources */,
			);
			buildRules = (
			);
			dependencies = (
			);
			name = fitness11IOS;
			productName = fitness11IOS;
			productReference = E5D054E12774F81E00F403B5 /* fitness11IOS.app */;
			productType = "com.apple.product-type.application";
		};
/* End PBXNativeTarget section */

/* Begin PBXProject section */
		E5D054D92774F81E00F403B5 /* Project object */ = {
			isa = PBXProject;
			attributes = {
				BuildIndependentTargetsInParallel = 1;
				LastSwiftUpdateCheck = 1320;
				LastUpgradeCheck = 1320;
				TargetAttributes = {
					E5D054E02774F81E00F403B5 = {
						CreatedOnToolsVersion = 13.2.1;
					};
				};
			};
			buildConfigurationList = E5D054DC2774F81E00F403B5 /* Build configuration list for PBXProject "fitness11IOS" */;
			compatibilityVersion = "Xcode 13.0";
			developmentRegion = en;
			hasScannedForEncodings = 0;
			knownRegions = (
				en,
				Base,
			);
			mainGroup = E5D054D82774F81E00F403B5;
			productRefGroup = E5D054E22774F81E00F403B5 /* Products */;
			projectDirPath = "";
			projectRoot = "";
			targets = (
				E5D054E02774F81E00F403B5 /* fitness11IOS */,
			);
		};
/* End PBXProject section */

/* Begin PBXResourcesBuildPhase section */
		E5D054DF2774F81E00F403B5 /* Resources */ = {
			isa = PBXResourcesBuildPhase;
			buildActionMask = 2147483647;
			files = (
				E5D054EC2774F81E00F403B5 /* Preview Assets.xcassets in Resources */,
				E5D054E92774F81E00F403B5 /* Assets.xcassets in Resources */,
			);
			runOnlyForDeploymentPostprocessing = 0;
		};
/* End PBXResourcesBuildPhase section */

/* Begin PBXSourcesBuildPhase section */
		E5D054DD2774F81E00F403B5 /* Sources */ = {
			isa = PBXSourcesBuildPhase;
			buildActionMask = 2147483647;
			files = (
				E5D054FB2774FEB900F403B5 /* ListofExercise.swift in Sources */,
				E5D054E72774F81E00F403B5 /* ContentView.swift in Sources */,
				E5D054F92774FE8C00F403B5 /* SignUpPage.swift in Sources */,
				E5D054E52774F81E00F403B5 /* fitness11IOSApp.swift in Sources */,
				E5D054F52774FE3500F403B5 /* SignInPage.swift in Sources */,
				E5D054FD2774FEDE00F403B5 /* HomePage.swift in Sources */,
				E5D054F72774FE5A00F403B5 /* ForgotPassword.swift in Sources */,
			);
			runOnlyForDeploymentPostprocessing = 0;
		};
/* End PBXSourcesBuildPhase section */

/* Begin XCBuildConfiguration section */
		E5D054ED2774F81E00F403B5 /* Debug */ = {
			isa = XCBuildConfiguration;
			buildSettings = {
				ALWAYS_SEARCH_USER_PATHS = NO;
				CLANG_ANALYZER_NONNULL = YES;
				CLANG_ANALYZER_NUMBER_OBJECT_CONVERSION = YES_AGGRESSIVE;
				CLANG_CXX_LANGUAGE_STANDARD = "gnu++17";
				CLANG_CXX_LIBRARY = "libc++";
				CLANG_ENABLE_MODULES = YES;
				CLANG_ENABLE_OBJC_ARC = YES;
				CLANG_ENABLE_OBJC_WEAK = YES;
				CLANG_WARN_BLOCK_CAPTURE_AUTORELEASING = YES;
				CLANG_WARN_BOOL_CONVERSION = YES;
				CLANG_WARN_COMMA = YES;
				CLANG_WARN_CONSTANT_CONVERSION = YES;
				CLANG_WARN_DEPRECATED_OBJC_IMPLEMENTATIONS = YES;
				CLANG_WARN_DIRECT_OBJC_ISA_USAGE = YES_ERROR;
				CLANG_WARN_DOCUMENTATION_COMMENTS = YES;
				CLANG_WARN_EMPTY_BODY = YES;
				CLANG_WARN_ENUM_CONVERSION = YES;
				CLANG_WARN_INFINITE_RECURSION = YES;
				CLANG_WARN_INT_CONVERSION = YES;
				CLANG_WARN_NON_LITERAL_NULL_CONVERSION = YES;
				CLANG_WARN_OBJC_IMPLICIT_RETAIN_SELF = YES;
				CLANG_WARN_OBJC_LITERAL_CONVERSION = YES;
				CLANG_WARN_OBJC_ROOT_CLASS = YES_ERROR;
				CLANG_WARN_QUOTED_INCLUDE_IN_FRAMEWORK_HEADER = YES;
				CLANG_WARN_RANGE_LOOP_ANALYSIS = YES;
				CLANG_WARN_STRICT_PROTOTYPES = YES;
				CLANG_WARN_SUSPICIOUS_MOVE = YES;
				CLANG_WARN_UNGUARDED_AVAILABILITY = YES_AGGRESSIVE;
				CLANG_WARN_UNREACHABLE_CODE = YES;
				CLANG_WARN__DUPLICATE_METHOD_MATCH = YES;
				COPY_PHASE_STRIP = NO;
				DEBUG_INFORMATION_FORMAT = dwarf;
				ENABLE_STRICT_OBJC_MSGSEND = YES;
				ENABLE_TESTABILITY = YES;
				GCC_C_LANGUAGE_STANDARD = gnu11;
				GCC_DYNAMIC_NO_PIC = NO;
				GCC_NO_COMMON_BLOCKS = YES;
				GCC_OPTIMIZATION_LEVEL = 0;
				GCC_PREPROCESSOR_DEFINITIONS = (
					"DEBUG=1",
					"$(inherited)",
				);
				GCC_WARN_64_TO_32_BIT_CONVERSION = YES;
				GCC_WARN_ABOUT_RETURN_TYPE = YES_ERROR;
				GCC_WARN_UNDECLARED_SELECTOR = YES;
				GCC_WARN_UNINITIALIZED_AUTOS = YES_AGGRESSIVE;
				GCC_WARN_UNUSED_FUNCTION = YES;
				GCC_WARN_UNUSED_VARIABLE = YES;
				IPHONEOS_DEPLOYMENT_TARGET = 15.2;
				MTL_ENABLE_DEBUG_INFO = INCLUDE_SOURCE;
				MTL_FAST_MATH = YES;
				ONLY_ACTIVE_ARCH = YES;
				SDKROOT = iphoneos;
				SWIFT_ACTIVE_COMPILATION_CONDITIONS = DEBUG;
				SWIFT_OPTIMIZATION_LEVEL = "-Onone";
			};
			name = Debug;
		};
		E5D054EE2774F81E00F403B5 /* Release */ = {
			isa = XCBuildConfiguration;
			buildSettings = {
				ALWAYS_SEARCH_USER_PATHS = NO;
				CLANG_ANALYZER_NONNULL = YES;
				CLANG_ANALYZER_NUMBER_OBJECT_CONVERSION = YES_AGGRESSIVE;
				CLANG_CXX_LANGUAGE_STANDARD = "gnu++17";
				CLANG_CXX_LIBRARY = "libc++";
				CLANG_ENABLE_MODULES = YES;
				CLANG_ENABLE_OBJC_ARC = YES;
				CLANG_ENABLE_OBJC_WEAK = YES;
				CLANG_WARN_BLOCK_CAPTURE_AUTORELEASING = YES;
				CLANG_WARN_BOOL_CONVERSION = YES;
				CLANG_WARN_COMMA = YES;
				CLANG_WARN_CONSTANT_CONVERSION = YES;
				CLANG_WARN_DEPRECATED_OBJC_IMPLEMENTATIONS = YES;
				CLANG_WARN_DIRECT_OBJC_ISA_USAGE = YES_ERROR;
				CLANG_WARN_DOCUMENTATION_COMMENTS = YES;
				CLANG_WARN_EMPTY_BODY = YES;
				CLANG_WARN_ENUM_CONVERSION = YES;
				CLANG_WARN_INFINITE_RECURSION = YES;
				CLANG_WARN_INT_CONVERSION = YES;
				CLANG_WARN_NON_LITERAL_NULL_CONVERSION = YES;
				CLANG_WARN_OBJC_IMPLICIT_RETAIN_SELF = YES;
				CLANG_WARN_OBJC_LITERAL_CONVERSION = YES;
				CLANG_WARN_OBJC_ROOT_CLASS = YES_ERROR;
				CLANG_WARN_QUOTED_INCLUDE_IN_FRAMEWORK_HEADER = YES;
				CLANG_WARN_RANGE_LOOP_ANALYSIS = YES;
				CLANG_WARN_STRICT_PROTOTYPES = YES;
				CLANG_WARN_SUSPICIOUS_MOVE = YES;
				CLANG_WARN_UNGUARDED_AVAILABILITY = YES_AGGRESSIVE;
				CLANG_WARN_UNREACHABLE_CODE = YES;
				CLANG_WARN__DUPLICATE_METHOD_MATCH = YES;
				COPY_PHASE_STRIP = NO;
				DEBUG_INFORMATION_FORMAT = "dwarf-with-dsym";
				ENABLE_NS_ASSERTIONS = NO;
				ENABLE_STRICT_OBJC_MSGSEND = YES;
				GCC_C_LANGUAGE_STANDARD = gnu11;
				GCC_NO_COMMON_BLOCKS = YES;
				GCC_WARN_64_TO_32_BIT_CONVERSION = YES;
				GCC_WARN_ABOUT_RETURN_TYPE = YES_ERROR;
				GCC_WARN_UNDECLARED_SELECTOR = YES;
				GCC_WARN_UNINITIALIZED_AUTOS = YES_AGGRESSIVE;
				GCC_WARN_UNUSED_FUNCTION = YES;
				GCC_WARN_UNUSED_VARIABLE = YES;
				IPHONEOS_DEPLOYMENT_TARGET = 15.2;
				MTL_ENABLE_DEBUG_INFO = NO;
				MTL_FAST_MATH = YES;
				SDKROOT = iphoneos;
				SWIFT_COMPILATION_MODE = wholemodule;
				SWIFT_OPTIMIZATION_LEVEL = "-O";
				VALIDATE_PRODUCT = YES;
			};
			name = Release;
		};
		E5D054F02774F81E00F403B5 /* Debug */ = {
			isa = XCBuildConfiguration;
			buildSettings = {
				ASSETCATALOG_COMPILER_APPICON_NAME = AppIcon;
				ASSETCATALOG_COMPILER_GLOBAL_ACCENT_COLOR_NAME = AccentColor;
				CODE_SIGN_STYLE = Automatic;
				CURRENT_PROJECT_VERSION = 1;
				DEVELOPMENT_ASSET_PATHS = "\"fitness11IOS/Preview Content\"";
				DEVELOPMENT_TEAM = P57ZN6XMS5;
				ENABLE_PREVIEWS = YES;
				GENERATE_INFOPLIST_FILE = YES;
				INFOPLIST_KEY_UIApplicationSceneManifest_Generation = YES;
				INFOPLIST_KEY_UIApplicationSupportsIndirectInputEvents = YES;
				INFOPLIST_KEY_UILaunchScreen_Generation = YES;
				INFOPLIST_KEY_UISupportedInterfaceOrientations_iPad = "UIInterfaceOrientationPortrait UIInterfaceOrientationPortraitUpsideDown UIInterfaceOrientationLandscapeLeft UIInterfaceOrientationLandscapeRight";
				INFOPLIST_KEY_UISupportedInterfaceOrientations_iPhone = "UIInterfaceOrientationPortrait UIInterfaceOrientationLandscapeLeft UIInterfaceOrientationLandscapeRight";
				LD_RUNPATH_SEARCH_PATHS = (
					"$(inherited)",
					"@executable_path/Frameworks",
				);
				MARKETING_VERSION = 1.0;
				PRODUCT_BUNDLE_IDENTIFIER = personal.fitness11IOS;
				PRODUCT_NAME = "$(TARGET_NAME)";
				SWIFT_EMIT_LOC_STRINGS = YES;
				SWIFT_VERSION = 5.0;
				TARGETED_DEVICE_FAMILY = "1,2";
			};
			name = Debug;
		};
		E5D054F12774F81E00F403B5 /* Release */ = {
			isa = XCBuildConfiguration;
			buildSettings = {
				ASSETCATALOG_COMPILER_APPICON_NAME = AppIcon;
				ASSETCATALOG_COMPILER_GLOBAL_ACCENT_COLOR_NAME = AccentColor;
				CODE_SIGN_STYLE = Automatic;
				CURRENT_PROJECT_VERSION = 1;
				DEVELOPMENT_ASSET_PATHS = "\"fitness11IOS/Preview Content\"";
				DEVELOPMENT_TEAM = P57ZN6XMS5;
				ENABLE_PREVIEWS = YES;
				GENERATE_INFOPLIST_FILE = YES;
				INFOPLIST_KEY_UIApplicationSceneManifest_Generation = YES;
				INFOPLIST_KEY_UIApplicationSupportsIndirectInputEvents = YES;
				INFOPLIST_KEY_UILaunchScreen_Generation = YES;
				INFOPLIST_KEY_UISupportedInterfaceOrientations_iPad = "UIInterfaceOrientationPortrait UIInterfaceOrientationPortraitUpsideDown UIInterfaceOrientationLandscapeLeft UIInterfaceOrientationLandscapeRight";
				INFOPLIST_KEY_UISupportedInterfaceOrientations_iPhone = "UIInterfaceOrientationPortrait UIInterfaceOrientationLandscapeLeft UIInterfaceOrientationLandscapeRight";
				LD_RUNPATH_SEARCH_PATHS = (
					"$(inherited)",
					"@executable_path/Frameworks",
				);
				MARKETING_VERSION = 1.0;
				PRODUCT_BUNDLE_IDENTIFIER = personal.fitness11IOS;
				PRODUCT_NAME = "$(TARGET_NAME)";
				SWIFT_EMIT_LOC_STRINGS = YES;
				SWIFT_VERSION = 5.0;
				TARGETED_DEVICE_FAMILY = "1,2";
			};
			name = Release;
		};
/* End XCBuildConfiguration section */

/* Begin XCConfigurationList section */
		E5D054DC2774F81E00F403B5 /* Build configuration list for PBXProject "fitness11IOS" */ = {
			isa = XCConfigurationList;
			buildConfigurations = (
				E5D054ED2774F81E00F403B5 /* Debug */,
				E5D054EE2774F81E00F403B5 /* Release */,
			);
			defaultConfigurationIsVisible = 0;
			defaultConfigurationName = Release;
		};
		E5D054EF2774F81E00F403B5 /* Build configuration list for PBXNativeTarget "fitness11IOS" */ = {
			isa = XCConfigurationList;
			buildConfigurations = (
				E5D054F02774F81E00F403B5 /* Debug */,
				E5D054F12774F81E00F403B5 /* Release */,
			);
			defaultConfigurationIsVisible = 0;
			defaultConfigurationName = Release;
		};
/* End XCConfigurationList section */
	};
	rootObject = E5D054D92774F81E00F403B5 /* Project object */;
}
